
Microsoft Visual Studio Solution File, Format Version 12.00
# Visual Studio Version 17
VisualStudioVersion = 17.3.32922.545
MinimumVisualStudioVersion = 10.0.40219.1
Project("{FAE04EC0-301F-11D3-BF4B-00C04F79EFBC}") = "oop", "oop\oop.csproj", "{A6CC53E5-7584-4D2F-820E-9D2811369DB1}"
EndProject
Project("{FAE04EC0-301F-11D3-BF4B-00C04F79EFBC}") = "UI-TASK-PR-9-Gorin", "UI-TASK-PR-9-Gorin\UI-TASK-PR-9-Gorin.csproj", "{553EB371-DA9E-405B-B92A-9A64720BFD83}"
EndProject
Global
	GlobalSection(SolutionConfigurationPlatforms) = preSolution
		Debug|Any CPU = Debug|Any CPU
		Release|Any CPU = Release|Any CPU
	EndGlobalSection
	GlobalSection(ProjectConfigurationPlatforms) = postSolution
		{A6CC53E5-7584-4D2F-820E-9D2811369DB1}.Debug|Any CPU.ActiveCfg = Debug|Any CPU
		{A6CC53E5-7584-4D2F-820E-9D2811369DB1}.Debug|Any CPU.Build.0 = Debug|Any CPU
		{A6CC53E5-7584-4D2F-820E-9D2811369DB1}.Release|Any CPU.ActiveCfg = Release|Any CPU
		{A6CC53E5-7584-4D2F-820E-9D2811369DB1}.Release|Any CPU.Build.0 = Release|Any CPU
		{553EB371-DA9E-405B-B92A-9A64720BFD83}.Debug|Any CPU.ActiveCfg = Debug|Any CPU
		{553EB371-DA9E-405B-B92A-9A64720BFD83}.Debug|Any CPU.Build.0 = Debug|Any CPU
		{553EB371-DA9E-405B-B92A-9A64720BFD83}.Release|Any CPU.ActiveCfg = Release|Any CPU
		{553EB371-DA9E-405B-B92A-9A64720BFD83}.Release|Any CPU.Build.0 = Release|Any CPU
	EndGlobalSection
	GlobalSection(SolutionProperties) = preSolution
		HideSolutionNode = FALSE
	EndGlobalSection
	GlobalSection(ExtensibilityGlobals) = postSolution
		SolutionGuid = {3860F7CC-2033-4437-9DD9-0D25BA7AD8EC}
	EndGlobalSection
EndGlobal
